{
  "nodes": {
    "nixCats": {
      "locked": {
        "lastModified": 1759730664,
        "narHash": "sha256-boRlBQ/c4CaHsK/z04QL6+t81mcar37Io94HBX2GflY=",
        "owner": "BirdeeHub",
        "repo": "nixCats-nvim",
        "rev": "77dffad8235eb77684fcb7599487c8e9f23d5b8f",
        "type": "github"
      },
      "original": {
        "owner": "BirdeeHub",
        "repo": "nixCats-nvim",
        "type": "github"
      }
    },
    "nixpkgs": {
      "locked": {
        "lastModified": 1760596604,
        "narHash": "sha256-J/i5K6AAz/y5dBePHQOuzC7MbhyTOKsd/GLezSbEFiM=",
        "owner": "nixos",
        "repo": "nixpkgs",
        "rev": "3cbe716e2346710d6e1f7c559363d14e11c32a43",
        "type": "github"
      },
      "original": {
        "owner": "nixos",
        "ref": "nixpkgs-unstable",
        "repo": "nixpkgs",
        "type": "github"
      }
    },
    "plugins-lzextras": {
      "flake": false,
      "locked": {
        "lastModified": 1760335073,
        "narHash": "sha256-/R2dAYM2Oo2M9ggc/lHRjXHLnwAoWXgxp1cNcRZEDgA=",
        "owner": "BirdeeHub",
        "repo": "lzextras",
        "rev": "8a156d8d4a93fcaaf8d6382806d6b49e16b2c3a4",
        "type": "github"
      },
      "original": {
        "owner": "BirdeeHub",
        "repo": "lzextras",
        "type": "github"
      }
    },
    "plugins-smart-open-nvim": {
      "flake": false,
      "locked": {
        "lastModified": 1748444767,
        "narHash": "sha256-usLu/18JRLveeOllxiqc607SZCvJWg9Gw8uJzZVbohg=",
        "owner": "danielfalk",
        "repo": "smart-open.nvim",
        "rev": "f079c3201a0a62b1582563bd5ce4256c253634d4",
        "type": "github"
      },
      "original": {
        "owner": "danielfalk",
        "repo": "smart-open.nvim",
        "type": "github"
      }
    },
    "root": {
      "inputs": {
        "nixCats": "nixCats",
        "nixpkgs": "nixpkgs",
        "plugins-lzextras": "plugins-lzextras",
        "plugins-smart-open-nvim": "plugins-smart-open-nvim"
      }
    }
  },
  "root": "root",
  "version": 7
}
