{
  "nodes": {
    "nixCats": {
      "locked": {
        "lastModified": 1763330129,
        "narHash": "sha256-KbOeWIF52SV53BOeETGO2C5ewaV2Ex9iaXH7G72gOr8=",
        "owner": "BirdeeHub",
        "repo": "nixCats-nvim",
        "rev": "c81551ed87db2aefab30a12cf7425ff94dc0ad64",
        "type": "github"
      },
      "original": {
        "owner": "BirdeeHub",
        "repo": "nixCats-nvim",
        "type": "github"
      }
    },
    "nixpkgs": {
      "locked": {
        "lastModified": 1763375004,
        "narHash": "sha256-e81Xfa7xhRZfqGB4s3xEvrg4p1v+fToM6CIQlXUyaX0=",
        "owner": "nixos",
        "repo": "nixpkgs",
        "rev": "8b6600824693a9c706ef09bd86711ca393703466",
        "type": "github"
      },
      "original": {
        "owner": "nixos",
        "ref": "nixpkgs-unstable",
        "repo": "nixpkgs",
        "type": "github"
      }
    },
    "plugins-blink-cmp-avante": {
      "flake": false,
      "locked": {
        "lastModified": 1753324560,
        "narHash": "sha256-tozXOgP0dzIFd3a6mjGehUdytqerkWdfOo89CEVC/Rk=",
        "owner": "Kaiser-Yang",
        "repo": "blink-cmp-avante",
        "rev": "4f494c6e124acbe31a8f5d58effa0c14aa38a6d5",
        "type": "github"
      },
      "original": {
        "owner": "Kaiser-Yang",
        "repo": "blink-cmp-avante",
        "type": "github"
      }
    },
    "plugins-codecompanion-nvim": {
      "flake": false,
      "locked": {
        "lastModified": 1763424896,
        "narHash": "sha256-J33VhN7XVo/DFXw+zIzeewMqV16rmt5ChUtLHtdlexE=",
        "owner": "olimorris",
        "repo": "codecompanion.nvim",
        "rev": "68fcda022fce25ee380e267d4b0fe98113b3957d",
        "type": "github"
      },
      "original": {
        "owner": "olimorris",
        "repo": "codecompanion.nvim",
        "type": "github"
      }
    },
    "plugins-lzextras": {
      "flake": false,
      "locked": {
        "lastModified": 1763409362,
        "narHash": "sha256-RFCl5OeOZkfzVCx3jpW0cAN/BKYVn+WVEOOm4rizRxU=",
        "owner": "BirdeeHub",
        "repo": "lzextras",
        "rev": "38a3be0caf5ca238a27f28e82eb224f0953d5046",
        "type": "github"
      },
      "original": {
        "owner": "BirdeeHub",
        "repo": "lzextras",
        "type": "github"
      }
    },
    "plugins-mcphub-nvim": {
      "flake": false,
      "locked": {
        "lastModified": 1759035242,
        "narHash": "sha256-I6EbgY/2sAdtrxtmH0qbAAQvMCHhOsfolJfblV0fXOk=",
        "owner": "ravitemer",
        "repo": "mcphub.nvim",
        "rev": "8ff40b5edc649959bb7e89d25ae18e055554859a",
        "type": "github"
      },
      "original": {
        "owner": "ravitemer",
        "repo": "mcphub.nvim",
        "type": "github"
      }
    },
    "plugins-smart-open-nvim": {
      "flake": false,
      "locked": {
        "lastModified": 1763332032,
        "narHash": "sha256-Twsq8R2/Q3ffHTE3KTyyR8tln2ksEulo+Q9xY26mYEg=",
        "owner": "danielfalk",
        "repo": "smart-open.nvim",
        "rev": "1082c18eabd0fb6fcdac4a828b698ccd6e25f291",
        "type": "github"
      },
      "original": {
        "owner": "danielfalk",
        "repo": "smart-open.nvim",
        "type": "github"
      }
    },
    "root": {
      "inputs": {
        "nixCats": "nixCats",
        "nixpkgs": "nixpkgs",
        "plugins-blink-cmp-avante": "plugins-blink-cmp-avante",
        "plugins-codecompanion-nvim": "plugins-codecompanion-nvim",
        "plugins-lzextras": "plugins-lzextras",
        "plugins-mcphub-nvim": "plugins-mcphub-nvim",
        "plugins-smart-open-nvim": "plugins-smart-open-nvim"
      }
    }
  },
  "root": "root",
  "version": 7
}
